
Microsoft Visual Studio Solution File, Format Version 12.00
# Visual Studio Version 17
VisualStudioVersion = 17.6.33815.320
MinimumVisualStudioVersion = 10.0.40219.1
Project("{888888A0-9F3D-457C-B088-3A5042F75D52}") = "Sorting_Menus_Recipes", "Sorting_Menus_Recipes\Sorting_Menus_Recipes.pyproj", "{0156C837-5B75-49FE-AC7B-E1ED82EB61A0}"
EndProject
Global
	GlobalSection(SolutionConfigurationPlatforms) = preSolution
		Debug|Any CPU = Debug|Any CPU
		Release|Any CPU = Release|Any CPU
	EndGlobalSection
	GlobalSection(ProjectConfigurationPlatforms) = postSolution
		{0156C837-5B75-49FE-AC7B-E1ED82EB61A0}.Debug|Any CPU.ActiveCfg = Debug|Any CPU
		{0156C837-5B75-49FE-AC7B-E1ED82EB61A0}.Release|Any CPU.ActiveCfg = Release|Any CPU
	EndGlobalSection
	GlobalSection(SolutionProperties) = preSolution
		HideSolutionNode = FALSE
	EndGlobalSection
	GlobalSection(ExtensibilityGlobals) = postSolution
		SolutionGuid = {875F919F-6E4A-490A-A474-47349AD7C6A0}
	EndGlobalSection
EndGlobal
